
Microsoft Visual Studio Solution File, Format Version 12.00
Project("{2150E333-8FDC-42A3-9474-1A3956D46DE8}") = "src", "src", "{046DBECD-C082-432C-B706-449F7E0BC1B7}"
EndProject
Project("{2150E333-8FDC-42A3-9474-1A3956D46DE8}") = "test", "test", "{3C1CE6B3-03E7-4F95-BFE1-51E5883A50D5}"
EndProject
Project("{FAE04EC0-301F-11D3-BF4B-00C04F79EFBC}") = "Domain", "src\Domain\Domain.csproj", "{DB3549DC-1006-455F-AC7D-9FEAC976211C}"
EndProject
Project("{FAE04EC0-301F-11D3-BF4B-00C04F79EFBC}") = "DataAccess", "src\DataAccess\DataAccess.csproj", "{0D96B543-2AEE-463D-8F4F-E8BC0D4AC501}"
EndProject
Project("{FAE04EC0-301F-11D3-BF4B-00C04F79EFBC}") = "Business", "src\Business\Business.csproj", "{5C55E32D-EFEA-47A5-89AF-56A3C2B08141}"
EndProject
Project("{FAE04EC0-301F-11D3-BF4B-00C04F79EFBC}") = "CrossCuttingConcerns", "src\CrossCuttingConcerns\CrossCuttingConcerns.csproj", "{A20AF6F1-2AD6-4B48-8A8B-0A42D87CEF1C}"
EndProject
Project("{FAE04EC0-301F-11D3-BF4B-00C04F79EFBC}") = "Security", "src\Security\Security.csproj", "{31E9B8F6-7859-4AAE-BDC7-B742377CA2B5}"
EndProject
Project("{FAE04EC0-301F-11D3-BF4B-00C04F79EFBC}") = "WebAPI", "src\WebAPI\WebAPI.csproj", "{26A33C1E-4CC6-4339-9239-DF0BE32EBC76}"
EndProject
Project("{FAE04EC0-301F-11D3-BF4B-00C04F79EFBC}") = "Aspects", "src\Aspects\Aspects.csproj", "{113145CA-6AD2-422D-BA0D-9261669F6D8F}"
EndProject
Global
	GlobalSection(SolutionConfigurationPlatforms) = preSolution
		Debug|Any CPU = Debug|Any CPU
		Release|Any CPU = Release|Any CPU
	EndGlobalSection
	GlobalSection(NestedProjects) = preSolution
		{DB3549DC-1006-455F-AC7D-9FEAC976211C} = {046DBECD-C082-432C-B706-449F7E0BC1B7}
		{0D96B543-2AEE-463D-8F4F-E8BC0D4AC501} = {046DBECD-C082-432C-B706-449F7E0BC1B7}
		{5C55E32D-EFEA-47A5-89AF-56A3C2B08141} = {046DBECD-C082-432C-B706-449F7E0BC1B7}
		{A20AF6F1-2AD6-4B48-8A8B-0A42D87CEF1C} = {046DBECD-C082-432C-B706-449F7E0BC1B7}
		{31E9B8F6-7859-4AAE-BDC7-B742377CA2B5} = {046DBECD-C082-432C-B706-449F7E0BC1B7}
		{26A33C1E-4CC6-4339-9239-DF0BE32EBC76} = {046DBECD-C082-432C-B706-449F7E0BC1B7}
		{113145CA-6AD2-422D-BA0D-9261669F6D8F} = {046DBECD-C082-432C-B706-449F7E0BC1B7}
	EndGlobalSection
	GlobalSection(ProjectConfigurationPlatforms) = postSolution
		{DB3549DC-1006-455F-AC7D-9FEAC976211C}.Debug|Any CPU.ActiveCfg = Debug|Any CPU
		{DB3549DC-1006-455F-AC7D-9FEAC976211C}.Debug|Any CPU.Build.0 = Debug|Any CPU
		{DB3549DC-1006-455F-AC7D-9FEAC976211C}.Release|Any CPU.ActiveCfg = Release|Any CPU
		{DB3549DC-1006-455F-AC7D-9FEAC976211C}.Release|Any CPU.Build.0 = Release|Any CPU
		{0D96B543-2AEE-463D-8F4F-E8BC0D4AC501}.Debug|Any CPU.ActiveCfg = Debug|Any CPU
		{0D96B543-2AEE-463D-8F4F-E8BC0D4AC501}.Debug|Any CPU.Build.0 = Debug|Any CPU
		{0D96B543-2AEE-463D-8F4F-E8BC0D4AC501}.Release|Any CPU.ActiveCfg = Release|Any CPU
		{0D96B543-2AEE-463D-8F4F-E8BC0D4AC501}.Release|Any CPU.Build.0 = Release|Any CPU
		{5C55E32D-EFEA-47A5-89AF-56A3C2B08141}.Debug|Any CPU.ActiveCfg = Debug|Any CPU
		{5C55E32D-EFEA-47A5-89AF-56A3C2B08141}.Debug|Any CPU.Build.0 = Debug|Any CPU
		{5C55E32D-EFEA-47A5-89AF-56A3C2B08141}.Release|Any CPU.ActiveCfg = Release|Any CPU
		{5C55E32D-EFEA-47A5-89AF-56A3C2B08141}.Release|Any CPU.Build.0 = Release|Any CPU
		{A20AF6F1-2AD6-4B48-8A8B-0A42D87CEF1C}.Debug|Any CPU.ActiveCfg = Debug|Any CPU
		{A20AF6F1-2AD6-4B48-8A8B-0A42D87CEF1C}.Debug|Any CPU.Build.0 = Debug|Any CPU
		{A20AF6F1-2AD6-4B48-8A8B-0A42D87CEF1C}.Release|Any CPU.ActiveCfg = Release|Any CPU
		{A20AF6F1-2AD6-4B48-8A8B-0A42D87CEF1C}.Release|Any CPU.Build.0 = Release|Any CPU
		{31E9B8F6-7859-4AAE-BDC7-B742377CA2B5}.Debug|Any CPU.ActiveCfg = Debug|Any CPU
		{31E9B8F6-7859-4AAE-BDC7-B742377CA2B5}.Debug|Any CPU.Build.0 = Debug|Any CPU
		{31E9B8F6-7859-4AAE-BDC7-B742377CA2B5}.Release|Any CPU.ActiveCfg = Release|Any CPU
		{31E9B8F6-7859-4AAE-BDC7-B742377CA2B5}.Release|Any CPU.Build.0 = Release|Any CPU
		{26A33C1E-4CC6-4339-9239-DF0BE32EBC76}.Debug|Any CPU.ActiveCfg = Debug|Any CPU
		{26A33C1E-4CC6-4339-9239-DF0BE32EBC76}.Debug|Any CPU.Build.0 = Debug|Any CPU
		{26A33C1E-4CC6-4339-9239-DF0BE32EBC76}.Release|Any CPU.ActiveCfg = Release|Any CPU
		{26A33C1E-4CC6-4339-9239-DF0BE32EBC76}.Release|Any CPU.Build.0 = Release|Any CPU
		{113145CA-6AD2-422D-BA0D-9261669F6D8F}.Debug|Any CPU.ActiveCfg = Debug|Any CPU
		{113145CA-6AD2-422D-BA0D-9261669F6D8F}.Debug|Any CPU.Build.0 = Debug|Any CPU
		{113145CA-6AD2-422D-BA0D-9261669F6D8F}.Release|Any CPU.ActiveCfg = Release|Any CPU
		{113145CA-6AD2-422D-BA0D-9261669F6D8F}.Release|Any CPU.Build.0 = Release|Any CPU
	EndGlobalSection
EndGlobal
